
Microsoft Visual Studio Solution File, Format Version 12.00
# Visual Studio 15
VisualStudioVersion = 15.0.28307.852
MinimumVisualStudioVersion = 10.0.40219.1
Project("{9A19103F-16F7-4668-BE54-9A1E7A4F7556}") = "OdeToFood", "OdeToFood\OdeToFood.csproj", "{C8049575-3C82-48E4-A6C7-BBBAAD80BD4B}"
EndProject
Project("{FAE04EC0-301F-11D3-BF4B-00C04F79EFBC}") = "OdeToFood.Core", "OdeToFood.Core\OdeToFood.Core.csproj", "{B5E82439-4BB9-46CF-BAE2-184481E0BF11}"
EndProject
Project("{FAE04EC0-301F-11D3-BF4B-00C04F79EFBC}") = "OdeToFood.Data", "OdeToFood.Data\OdeToFood.Data.csproj", "{5389628C-E6A3-4F00-8E4B-13F7116E5475}"
EndProject
Global
	GlobalSection(SolutionConfigurationPlatforms) = preSolution
		Debug|Any CPU = Debug|Any CPU
		Release|Any CPU = Release|Any CPU
	EndGlobalSection
	GlobalSection(ProjectConfigurationPlatforms) = postSolution
		{C8049575-3C82-48E4-A6C7-BBBAAD80BD4B}.Debug|Any CPU.ActiveCfg = Debug|Any CPU
		{C8049575-3C82-48E4-A6C7-BBBAAD80BD4B}.Debug|Any CPU.Build.0 = Debug|Any CPU
		{C8049575-3C82-48E4-A6C7-BBBAAD80BD4B}.Release|Any CPU.ActiveCfg = Release|Any CPU
		{C8049575-3C82-48E4-A6C7-BBBAAD80BD4B}.Release|Any CPU.Build.0 = Release|Any CPU
		{B5E82439-4BB9-46CF-BAE2-184481E0BF11}.Debug|Any CPU.ActiveCfg = Debug|Any CPU
		{B5E82439-4BB9-46CF-BAE2-184481E0BF11}.Debug|Any CPU.Build.0 = Debug|Any CPU
		{B5E82439-4BB9-46CF-BAE2-184481E0BF11}.Release|Any CPU.ActiveCfg = Release|Any CPU
		{B5E82439-4BB9-46CF-BAE2-184481E0BF11}.Release|Any CPU.Build.0 = Release|Any CPU
		{5389628C-E6A3-4F00-8E4B-13F7116E5475}.Debug|Any CPU.ActiveCfg = Debug|Any CPU
		{5389628C-E6A3-4F00-8E4B-13F7116E5475}.Debug|Any CPU.Build.0 = Debug|Any CPU
		{5389628C-E6A3-4F00-8E4B-13F7116E5475}.Release|Any CPU.ActiveCfg = Release|Any CPU
		{5389628C-E6A3-4F00-8E4B-13F7116E5475}.Release|Any CPU.Build.0 = Release|Any CPU
	EndGlobalSection
	GlobalSection(SolutionProperties) = preSolution
		HideSolutionNode = FALSE
	EndGlobalSection
	GlobalSection(ExtensibilityGlobals) = postSolution
		SolutionGuid = {CEFD9722-EE79-4721-BF81-81DEBA5595DE}
	EndGlobalSection
EndGlobal
